// !$*UTF8*$!
{
	archiveVersion = 1;
	classes = {
	};
	objectVersion = 56;
	objects = {

/* Begin PBXFileReference section */
		7B0000010000000000000001 /* HavenOS.app */ = {isa = PBXFileReference; explicitFileType = wrapper.application; includeInIndex = 0; path = HavenOS.app; sourceTree = BUILT_PRODUCTS_DIR; };
		7B0000010000000000000002 /* Package.swift */ = {isa = PBXFileReference; lastKnownFileType = text; path = Package.swift; sourceTree = "<group>"; };
		7B0000010000000000000003 /* build-app.sh */ = {isa = PBXFileReference; lastKnownFileType = text.script.sh; path = "build-app.sh"; sourceTree = "<group>"; };
/* End PBXFileReference section */

/* Begin PBXGroup section */
		7B0000020000000000000001 = {
			isa = PBXGroup;
			children = (
				7B0000010000000000000002 /* Package.swift */,
				7B0000020000000000000002 /* Scripts */,
				7B0000020000000000000003 /* Products */,
			);
			sourceTree = "<group>";
		};
		7B0000020000000000000002 /* Scripts */ = {
			isa = PBXGroup;
			children = (
				7B0000010000000000000003 /* build-app.sh */,
			);
			path = Scripts;
			sourceTree = "<group>";
		};
		7B0000020000000000000003 /* Products */ = {
			isa = PBXGroup;
			children = (
				7B0000010000000000000001 /* HavenOS.app */,
			);
			name = Products;
			sourceTree = "<group>";
		};
/* End PBXGroup section */

/* Begin PBXNativeTarget section */
		7B0000030000000000000001 /* Haven */ = {
			isa = PBXNativeTarget;
			buildConfigurationList = 7B0000060000000000000002 /* Build configuration list for PBXNativeTarget "Haven" */;
			buildPhases = (
				7B0000040000000000000001 /* Build Swift Package App */,
			);
			buildRules = (
			);
			dependencies = (
			);
			name = Haven;
			productName = HavenOS;
			productReference = 7B0000010000000000000001 /* HavenOS.app */;
			productType = "com.apple.product-type.application";
		};
/* End PBXNativeTarget section */

/* Begin PBXProject section */
		7B0000050000000000000001 /* Project object */ = {
			isa = PBXProject;
			attributes = {
				BuildIndependentTargetsInParallel = 1;
				LastUpgradeCheck = 1640;
				TargetAttributes = {
					7B0000030000000000000001 = {
						CreatedOnToolsVersion = 16.4;
					};
				};
			};
			buildConfigurationList = 7B0000060000000000000001 /* Build configuration list for PBXProject "Haven" */;
			compatibilityVersion = "Xcode 14.0";
			developmentRegion = en;
			hasScannedForEncodings = 0;
			knownRegions = (
				en,
				Base,
			);
			mainGroup = 7B0000020000000000000001;
			productRefGroup = 7B0000020000000000000003 /* Products */;
			projectDirPath = "";
			projectRoot = "";
			targets = (
				7B0000030000000000000001 /* Haven */,
			);
		};
/* End PBXProject section */

/* Begin PBXShellScriptBuildPhase section */
		7B0000040000000000000001 /* Build Swift Package App */ = {
			isa = PBXShellScriptBuildPhase;
			alwaysOutOfDate = 1;
			buildActionMask = 2147483647;
			files = (
			);
			inputFileListPaths = (
			);
			inputPaths = (
				"$(SRCROOT)/Package.swift",
				"$(SRCROOT)/Scripts/build-app.sh",
			);
			name = "Build Swift Package App";
			outputFileListPaths = (
			);
			outputPaths = (
			);
			runOnlyForDeploymentPostprocessing = 0;
			shellPath = /bin/zsh;
			shellScript = "\"$SRCROOT/Scripts/build-app.sh\" --configuration \"$CONFIGURATION\" --output \"$BUILT_PRODUCTS_DIR/HavenOS.app\" --bundle-identifier \"app.haven.HavenOS\"\n";
		};
/* End PBXShellScriptBuildPhase section */

/* Begin XCBuildConfiguration section */
		7B0000070000000000000001 /* Debug */ = {
			isa = XCBuildConfiguration;
			buildSettings = {
				ALWAYS_SEARCH_USER_PATHS = NO;
				CLANG_ANALYZER_NONNULL = YES;
				CLANG_ANALYZER_NUMBER_OBJECT_CONVERSION = YES_AGGRESSIVE;
				CLANG_CXX_LANGUAGE_STANDARD = "gnu++20";
				CLANG_ENABLE_MODULES = YES;
				CLANG_ENABLE_OBJC_ARC = YES;
				CLANG_ENABLE_OBJC_WEAK = YES;
				CLANG_WARN_BLOCK_CAPTURE_AUTORELEASING = YES;
				CLANG_WARN_BOOL_CONVERSION = YES;
				CLANG_WARN_COMMA = YES;
				CLANG_WARN_CONSTANT_CONVERSION = YES;
				CLANG_WARN_DEPRECATED_OBJC_IMPLEMENTATIONS = YES;
				CLANG_WARN_DIRECT_OBJC_ISA_USAGE = YES_ERROR;
				CLANG_WARN_DOCUMENTATION_COMMENTS = YES;
				CLANG_WARN_EMPTY_BODY = YES;
				CLANG_WARN_ENUM_CONVERSION = YES;
				CLANG_WARN_INFINITE_RECURSION = YES;
				CLANG_WARN_INT_CONVERSION = YES;
				CLANG_WARN_NON_LITERAL_NULL_CONVERSION = YES;
				CLANG_WARN_OBJC_IMPLICIT_RETAIN_SELF = YES;
				CLANG_WARN_OBJC_LITERAL_CONVERSION = YES;
				CLANG_WARN_OBJC_ROOT_CLASS = YES_ERROR;
				CLANG_WARN_QUOTED_INCLUDE_IN_FRAMEWORK_HEADER = YES;
				CLANG_WARN_RANGE_LOOP_ANALYSIS = YES;
				CLANG_WARN_STRICT_PROTOTYPES = YES;
				CLANG_WARN_SUSPICIOUS_MOVE = YES;
				CLANG_WARN_UNGUARDED_AVAILABILITY = YES_AGGRESSIVE;
				CLANG_WARN_UNREACHABLE_CODE = YES;
				CLANG_WARN__DUPLICATE_METHOD_MATCH = YES;
				COPY_PHASE_STRIP = NO;
				DEBUG_INFORMATION_FORMAT = dwarf;
				ENABLE_STRICT_OBJC_MSGSEND = YES;
				ENABLE_TESTABILITY = YES;
				ENABLE_USER_SCRIPT_SANDBOXING = NO;
				GCC_C_LANGUAGE_STANDARD = gnu17;
				GCC_DYNAMIC_NO_PIC = NO;
				GCC_NO_COMMON_BLOCKS = YES;
				GCC_OPTIMIZATION_LEVEL = 0;
				GCC_PREPROCESSOR_DEFINITIONS = (
					"DEBUG=1",
					"$(inherited)",
				);
				GCC_WARN_64_TO_32_BIT_CONVERSION = YES;
				GCC_WARN_ABOUT_RETURN_TYPE = YES_ERROR;
				GCC_WARN_UNDECLARED_SELECTOR = YES;
				GCC_WARN_UNINITIALIZED_AUTOS = YES_AGGRESSIVE;
				GCC_WARN_UNUSED_FUNCTION = YES;
				GCC_WARN_UNUSED_VARIABLE = YES;
				MACOSX_DEPLOYMENT_TARGET = 26.0;
				MTL_ENABLE_DEBUG_INFO = INCLUDE_SOURCE;
				MTL_FAST_MATH = YES;
				ONLY_ACTIVE_ARCH = YES;
				SDKROOT = macosx;
				SWIFT_ACTIVE_COMPILATION_CONDITIONS = DEBUG;
				SWIFT_OPTIMIZATION_LEVEL = "-Onone";
			};
			name = Debug;
		};
		7B0000070000000000000002 /* Release */ = {
			isa = XCBuildConfiguration;
			buildSettings = {
				ALWAYS_SEARCH_USER_PATHS = NO;
				CLANG_ANALYZER_NONNULL = YES;
				CLANG_ANALYZER_NUMBER_OBJECT_CONVERSION = YES_AGGRESSIVE;
				CLANG_CXX_LANGUAGE_STANDARD = "gnu++20";
				CLANG_ENABLE_MODULES = YES;
				CLANG_ENABLE_OBJC_ARC = YES;
				CLANG_ENABLE_OBJC_WEAK = YES;
				CLANG_WARN_BLOCK_CAPTURE_AUTORELEASING = YES;
				CLANG_WARN_BOOL_CONVERSION = YES;
				CLANG_WARN_COMMA = YES;
				CLANG_WARN_CONSTANT_CONVERSION = YES;
				CLANG_WARN_DEPRECATED_OBJC_IMPLEMENTATIONS = YES;
				CLANG_WARN_DIRECT_OBJC_ISA_USAGE = YES_ERROR;
				CLANG_WARN_DOCUMENTATION_COMMENTS = YES;
				CLANG_WARN_EMPTY_BODY = YES;
				CLANG_WARN_ENUM_CONVERSION = YES;
				CLANG_WARN_INFINITE_RECURSION = YES;
				CLANG_WARN_INT_CONVERSION = YES;
				CLANG_WARN_NON_LITERAL_NULL_CONVERSION = YES;
				CLANG_WARN_OBJC_IMPLICIT_RETAIN_SELF = YES;
				CLANG_WARN_OBJC_LITERAL_CONVERSION = YES;
				CLANG_WARN_OBJC_ROOT_CLASS = YES_ERROR;
				CLANG_WARN_QUOTED_INCLUDE_IN_FRAMEWORK_HEADER = YES;
				CLANG_WARN_RANGE_LOOP_ANALYSIS = YES;
				CLANG_WARN_STRICT_PROTOTYPES = YES;
				CLANG_WARN_SUSPICIOUS_MOVE = YES;
				CLANG_WARN_UNGUARDED_AVAILABILITY = YES_AGGRESSIVE;
				CLANG_WARN_UNREACHABLE_CODE = YES;
				CLANG_WARN__DUPLICATE_METHOD_MATCH = YES;
				COPY_PHASE_STRIP = NO;
				DEBUG_INFORMATION_FORMAT = "dwarf-with-dsym";
				ENABLE_NS_ASSERTIONS = NO;
				ENABLE_STRICT_OBJC_MSGSEND = YES;
				ENABLE_USER_SCRIPT_SANDBOXING = NO;
				GCC_C_LANGUAGE_STANDARD = gnu17;
				GCC_NO_COMMON_BLOCKS = YES;
				GCC_WARN_64_TO_32_BIT_CONVERSION = YES;
				GCC_WARN_ABOUT_RETURN_TYPE = YES_ERROR;
				GCC_WARN_UNDECLARED_SELECTOR = YES;
				GCC_WARN_UNINITIALIZED_AUTOS = YES_AGGRESSIVE;
				GCC_WARN_UNUSED_FUNCTION = YES;
				GCC_WARN_UNUSED_VARIABLE = YES;
				MACOSX_DEPLOYMENT_TARGET = 26.0;
				MTL_ENABLE_DEBUG_INFO = NO;
				MTL_FAST_MATH = YES;
				SDKROOT = macosx;
				SWIFT_COMPILATION_MODE = wholemodule;
			};
			name = Release;
		};
		7B0000070000000000000003 /* Debug */ = {
			isa = XCBuildConfiguration;
			buildSettings = {
				CODE_SIGNING_ALLOWED = NO;
				"CODE_SIGN_IDENTITY[sdk=macosx*]" = "Developer ID Application";
				CURRENT_PROJECT_VERSION = 1.0.0;
				"DEVELOPMENT_TEAM[sdk=macosx*]" = KS9Z78DCVM;
				GENERATE_INFOPLIST_FILE = NO;
				INFOPLIST_FILE = Sources/HavenApp/Info.plist;
				INFOPLIST_KEY_CFBundleDisplayName = HavenOS;
				INFOPLIST_KEY_LSApplicationCategoryType = "public.app-category.utilities";
				MACOSX_DEPLOYMENT_TARGET = 26.0;
				MARKETING_VERSION = 1.0;
				PRODUCT_BUNDLE_IDENTIFIER = app.haven.HavenOS;
				PRODUCT_NAME = HavenOS;
				SDKROOT = macosx;
				SUPPORTED_PLATFORMS = macosx;
				WRAPPER_EXTENSION = app;
			};
			name = Debug;
		};
		7B0000070000000000000004 /* Release */ = {
			isa = XCBuildConfiguration;
			buildSettings = {
				CODE_SIGNING_ALLOWED = NO;
				"CODE_SIGN_IDENTITY[sdk=macosx*]" = "Developer ID Application";
				CURRENT_PROJECT_VERSION = 1.0.0;
				"DEVELOPMENT_TEAM[sdk=macosx*]" = KS9Z78DCVM;
				GENERATE_INFOPLIST_FILE = NO;
				INFOPLIST_FILE = Sources/HavenApp/Info.plist;
				INFOPLIST_KEY_CFBundleDisplayName = HavenOS;
				INFOPLIST_KEY_LSApplicationCategoryType = "public.app-category.utilities";
				MACOSX_DEPLOYMENT_TARGET = 26.0;
				MARKETING_VERSION = 1.0;
				PRODUCT_BUNDLE_IDENTIFIER = app.haven.HavenOS;
				PRODUCT_NAME = HavenOS;
				SDKROOT = macosx;
				SUPPORTED_PLATFORMS = macosx;
				WRAPPER_EXTENSION = app;
			};
			name = Release;
		};
/* End XCBuildConfiguration section */

/* Begin XCConfigurationList section */
		7B0000060000000000000001 /* Build configuration list for PBXProject "Haven" */ = {
			isa = XCConfigurationList;
			buildConfigurations = (
				7B0000070000000000000001 /* Debug */,
				7B0000070000000000000002 /* Release */,
			);
			defaultConfigurationIsVisible = 0;
			defaultConfigurationName = Release;
		};
		7B0000060000000000000002 /* Build configuration list for PBXNativeTarget "Haven" */ = {
			isa = XCConfigurationList;
			buildConfigurations = (
				7B0000070000000000000003 /* Debug */,
				7B0000070000000000000004 /* Release */,
			);
			defaultConfigurationIsVisible = 0;
			defaultConfigurationName = Release;
		};
/* End XCConfigurationList section */
	};
	rootObject = 7B0000050000000000000001 /* Project object */;
}
